// !$*UTF8*$!
{
	archiveVersion = 1;
	classes = {
	};
	objectVersion = 46;
	objects = {

/* Begin PBXBuildFile section */
		2861071D1E410C2200ADBD60 /* CriaTarefasViewController.swift in Sources */ = {isa = PBXBuildFile; fileRef = 2861071C1E410C2200ADBD60 /* CriaTarefasViewController.swift */; };
		2861071F1E411FCF00ADBD60 /* TarefaCompletaViewController.swift in Sources */ = {isa = PBXBuildFile; fileRef = 2861071E1E411FCF00ADBD60 /* TarefaCompletaViewController.swift */; };
		28ED4B621E39262A0033509F /* AppDelegate.swift in Sources */ = {isa = PBXBuildFile; fileRef = 28ED4B611E39262A0033509F /* AppDelegate.swift */; };
		28ED4B641E39262A0033509F /* ViewController.swift in Sources */ = {isa = PBXBuildFile; fileRef = 28ED4B631E39262A0033509F /* ViewController.swift */; };
		28ED4B671E39262A0033509F /* Main.storyboard in Resources */ = {isa = PBXBuildFile; fileRef = 28ED4B651E39262A0033509F /* Main.storyboard */; };
		28ED4B6A1E39262A0033509F /* ToDoList.xcdatamodeld in Sources */ = {isa = PBXBuildFile; fileRef = 28ED4B681E39262A0033509F /* ToDoList.xcdatamodeld */; };
		28ED4B6C1E39262A0033509F /* Assets.xcassets in Resources */ = {isa = PBXBuildFile; fileRef = 28ED4B6B1E39262A0033509F /* Assets.xcassets */; };
		28ED4B6F1E39262A0033509F /* LaunchScreen.storyboard in Resources */ = {isa = PBXBuildFile; fileRef = 28ED4B6D1E39262A0033509F /* LaunchScreen.storyboard */; };
		28ED4B771E392E540033509F /* Tarefas.swift in Sources */ = {isa = PBXBuildFile; fileRef = 28ED4B761E392E540033509F /* Tarefas.swift */; };
/* End PBXBuildFile section */

/* Begin PBXFileReference section */
		2861071C1E410C2200ADBD60 /* CriaTarefasViewController.swift */ = {isa = PBXFileReference; fileEncoding = 4; lastKnownFileType = sourcecode.swift; path = CriaTarefasViewController.swift; sourceTree = "<group>"; };
		2861071E1E411FCF00ADBD60 /* TarefaCompletaViewController.swift */ = {isa = PBXFileReference; fileEncoding = 4; lastKnownFileType = sourcecode.swift; path = TarefaCompletaViewController.swift; sourceTree = "<group>"; };
		28ED4B5E1E39262A0033509F /* ToDoList.app */ = {isa = PBXFileReference; explicitFileType = wrapper.application; includeInIndex = 0; path = ToDoList.app; sourceTree = BUILT_PRODUCTS_DIR; };
		28ED4B611E39262A0033509F /* AppDelegate.swift */ = {isa = PBXFileReference; lastKnownFileType = sourcecode.swift; path = AppDelegate.swift; sourceTree = "<group>"; };
		28ED4B631E39262A0033509F /* ViewController.swift */ = {isa = PBXFileReference; lastKnownFileType = sourcecode.swift; path = ViewController.swift; sourceTree = "<group>"; };
		28ED4B661E39262A0033509F /* Base */ = {isa = PBXFileReference; lastKnownFileType = file.storyboard; name = Base; path = Base.lproj/Main.storyboard; sourceTree = "<group>"; };
		28ED4B691E39262A0033509F /* ToDoList.xcdatamodel */ = {isa = PBXFileReference; lastKnownFileType = wrapper.xcdatamodel; path = ToDoList.xcdatamodel; sourceTree = "<group>"; };
		28ED4B6B1E39262A0033509F /* Assets.xcassets */ = {isa = PBXFileReference; lastKnownFileType = folder.assetcatalog; path = Assets.xcassets; sourceTree = "<group>"; };
		28ED4B6E1E39262A0033509F /* Base */ = {isa = PBXFileReference; lastKnownFileType = file.storyboard; name = Base; path = Base.lproj/LaunchScreen.storyboard; sourceTree = "<group>"; };
		28ED4B701E39262A0033509F /* Info.plist */ = {isa = PBXFileReference; lastKnownFileType = text.plist.xml; path = Info.plist; sourceTree = "<group>"; };
		28ED4B761E392E540033509F /* Tarefas.swift */ = {isa = PBXFileReference; fileEncoding = 4; lastKnownFileType = sourcecode.swift; path = Tarefas.swift; sourceTree = "<group>"; };
/* End PBXFileReference section */

/* Begin PBXFrameworksBuildPhase section */
		28ED4B5B1E39262A0033509F /* Frameworks */ = {
			isa = PBXFrameworksBuildPhase;
			buildActionMask = 2147483647;
			files = (
			);
			runOnlyForDeploymentPostprocessing = 0;
		};
/* End PBXFrameworksBuildPhase section */

/* Begin PBXGroup section */
		28ED4B551E39262A0033509F = {
			isa = PBXGroup;
			children = (
				28ED4B601E39262A0033509F /* ToDoList */,
				28ED4B5F1E39262A0033509F /* Products */,
			);
			sourceTree = "<group>";
		};
		28ED4B5F1E39262A0033509F /* Products */ = {
			isa = PBXGroup;
			children = (
				28ED4B5E1E39262A0033509F /* ToDoList.app */,
			);
			name = Products;
			sourceTree = "<group>";
		};
		28ED4B601E39262A0033509F /* ToDoList */ = {
			isa = PBXGroup;
			children = (
				28ED4B611E39262A0033509F /* AppDelegate.swift */,
				28ED4B631E39262A0033509F /* ViewController.swift */,
				28ED4B761E392E540033509F /* Tarefas.swift */,
				2861071C1E410C2200ADBD60 /* CriaTarefasViewController.swift */,
				2861071E1E411FCF00ADBD60 /* TarefaCompletaViewController.swift */,
				28ED4B651E39262A0033509F /* Main.storyboard */,
				28ED4B6B1E39262A0033509F /* Assets.xcassets */,
				28ED4B6D1E39262A0033509F /* LaunchScreen.storyboard */,
				28ED4B701E39262A0033509F /* Info.plist */,
				28ED4B681E39262A0033509F /* ToDoList.xcdatamodeld */,
			);
			path = ToDoList;
			sourceTree = "<group>";
		};
/* End PBXGroup section */

/* Begin PBXNativeTarget section */
		28ED4B5D1E39262A0033509F /* ToDoList */ = {
			isa = PBXNativeTarget;
			buildConfigurationList = 28ED4B731E39262A0033509F /* Build configuration list for PBXNativeTarget "ToDoList" */;
			buildPhases = (
				28ED4B5A1E39262A0033509F /* Sources */,
				28ED4B5B1E39262A0033509F /* Frameworks */,
				28ED4B5C1E39262A0033509F /* Resources */,
			);
			buildRules = (
			);
			dependencies = (
			);
			name = ToDoList;
			productName = ToDoList;
			productReference = 28ED4B5E1E39262A0033509F /* ToDoList.app */;
			productType = "com.apple.product-type.application";
		};
/* End PBXNativeTarget section */

/* Begin PBXProject section */
		28ED4B561E39262A0033509F /* Project object */ = {
			isa = PBXProject;
			attributes = {
				LastSwiftUpdateCheck = 0820;
				LastUpgradeCheck = 0820;
				ORGANIZATIONNAME = "Bayard Junior";
				TargetAttributes = {
					28ED4B5D1E39262A0033509F = {
						CreatedOnToolsVersion = 8.2.1;
						ProvisioningStyle = Automatic;
					};
				};
			};
			buildConfigurationList = 28ED4B591E39262A0033509F /* Build configuration list for PBXProject "ToDoList" */;
			compatibilityVersion = "Xcode 3.2";
			developmentRegion = English;
			hasScannedForEncodings = 0;
			knownRegions = (
				en,
				Base,
			);
			mainGroup = 28ED4B551E39262A0033509F;
			productRefGroup = 28ED4B5F1E39262A0033509F /* Products */;
			projectDirPath = "";
			projectRoot = "";
			targets = (
				28ED4B5D1E39262A0033509F /* ToDoList */,
			);
		};
/* End PBXProject section */

/* Begin PBXResourcesBuildPhase section */
		28ED4B5C1E39262A0033509F /* Resources */ = {
			isa = PBXResourcesBuildPhase;
			buildActionMask = 2147483647;
			files = (
				28ED4B6F1E39262A0033509F /* LaunchScreen.storyboard in Resources */,
				28ED4B6C1E39262A0033509F /* Assets.xcassets in Resources */,
				28ED4B671E39262A0033509F /* Main.storyboard in Resources */,
			);
			runOnlyForDeploymentPostprocessing = 0;
		};
/* End PBXResourcesBuildPhase section */

/* Begin PBXSourcesBuildPhase section */
		28ED4B5A1E39262A0033509F /* Sources */ = {
			isa = PBXSourcesBuildPhase;
			buildActionMask = 2147483647;
			files = (
				28ED4B641E39262A0033509F /* ViewController.swift in Sources */,
				28ED4B6A1E39262A0033509F /* ToDoList.xcdatamodeld in Sources */,
				28ED4B771E392E540033509F /* Tarefas.swift in Sources */,
				2861071D1E410C2200ADBD60 /* CriaTarefasViewController.swift in Sources */,
				2861071F1E411FCF00ADBD60 /* TarefaCompletaViewController.swift in Sources */,
				28ED4B621E39262A0033509F /* AppDelegate.swift in Sources */,
			);
			runOnlyForDeploymentPostprocessing = 0;
		};
/* End PBXSourcesBuildPhase section */

/* Begin PBXVariantGroup section */
		28ED4B651E39262A0033509F /* Main.storyboard */ = {
			isa = PBXVariantGroup;
			children = (
				28ED4B661E39262A0033509F /* Base */,
			);
			name = Main.storyboard;
			sourceTree = "<group>";
		};
		28ED4B6D1E39262A0033509F /* LaunchScreen.storyboard */ = {
			isa = PBXVariantGroup;
			children = (
				28ED4B6E1E39262A0033509F /* Base */,
			);
			name = LaunchScreen.storyboard;
			sourceTree = "<group>";
		};
/* End PBXVariantGroup section */

/* Begin XCBuildConfiguration section */
		28ED4B711E39262A0033509F /* Debug */ = {
			isa = XCBuildConfiguration;
			buildSettings = {
				ALWAYS_SEARCH_USER_PATHS = NO;
				CLANG_ANALYZER_NONNULL = YES;
				CLANG_CXX_LANGUAGE_STANDARD = "gnu++0x";
				CLANG_CXX_LIBRARY = "libc++";
				CLANG_ENABLE_MODULES = YES;
				CLANG_ENABLE_OBJC_ARC = YES;
				CLANG_WARN_BOOL_CONVERSION = YES;
				CLANG_WARN_CONSTANT_CONVERSION = YES;
				CLANG_WARN_DIRECT_OBJC_ISA_USAGE = YES_ERROR;
				CLANG_WARN_DOCUMENTATION_COMMENTS = YES;
				CLANG_WARN_EMPTY_BODY = YES;
				CLANG_WARN_ENUM_CONVERSION = YES;
				CLANG_WARN_INFINITE_RECURSION = YES;
				CLANG_WARN_INT_CONVERSION = YES;
				CLANG_WARN_OBJC_ROOT_CLASS = YES_ERROR;
				CLANG_WARN_SUSPICIOUS_MOVE = YES;
				CLANG_WARN_UNREACHABLE_CODE = YES;
				CLANG_WARN__DUPLICATE_METHOD_MATCH = YES;
				"CODE_SIGN_IDENTITY[sdk=iphoneos*]" = "iPhone Developer";
				COPY_PHASE_STRIP = NO;
				DEBUG_INFORMATION_FORMAT = dwarf;
				ENABLE_STRICT_OBJC_MSGSEND = YES;
				ENABLE_TESTABILITY = YES;
				GCC_C_LANGUAGE_STANDARD = gnu99;
				GCC_DYNAMIC_NO_PIC = NO;
				GCC_NO_COMMON_BLOCKS = YES;
				GCC_OPTIMIZATION_LEVEL = 0;
				GCC_PREPROCESSOR_DEFINITIONS = (
					"DEBUG=1",
					"$(inherited)",
				);
				GCC_WARN_64_TO_32_BIT_CONVERSION = YES;
				GCC_WARN_ABOUT_RETURN_TYPE = YES_ERROR;
				GCC_WARN_UNDECLARED_SELECTOR = YES;
				GCC_WARN_UNINITIALIZED_AUTOS = YES_AGGRESSIVE;
				GCC_WARN_UNUSED_FUNCTION = YES;
				GCC_WARN_UNUSED_VARIABLE = YES;
				IPHONEOS_DEPLOYMENT_TARGET = 10.2;
				MTL_ENABLE_DEBUG_INFO = YES;
				ONLY_ACTIVE_ARCH = YES;
				SDKROOT = iphoneos;
				SWIFT_ACTIVE_COMPILATION_CONDITIONS = DEBUG;
				SWIFT_OPTIMIZATION_LEVEL = "-Onone";
				TARGETED_DEVICE_FAMILY = "1,2";
			};
			name = Debug;
		};
		28ED4B721E39262A0033509F /* Release */ = {
			isa = XCBuildConfiguration;
			buildSettings = {
				ALWAYS_SEARCH_USER_PATHS = NO;
				CLANG_ANALYZER_NONNULL = YES;
				CLANG_CXX_LANGUAGE_STANDARD = "gnu++0x";
				CLANG_CXX_LIBRARY = "libc++";
				CLANG_ENABLE_MODULES = YES;
				CLANG_ENABLE_OBJC_ARC = YES;
				CLANG_WARN_BOOL_CONVERSION = YES;
				CLANG_WARN_CONSTANT_CONVERSION = YES;
				CLANG_WARN_DIRECT_OBJC_ISA_USAGE = YES_ERROR;
				CLANG_WARN_DOCUMENTATION_COMMENTS = YES;
				CLANG_WARN_EMPTY_BODY = YES;
				CLANG_WARN_ENUM_CONVERSION = YES;
				CLANG_WARN_INFINITE_RECURSION = YES;
				CLANG_WARN_INT_CONVERSION = YES;
				CLANG_WARN_OBJC_ROOT_CLASS = YES_ERROR;
				CLANG_WARN_SUSPICIOUS_MOVE = YES;
				CLANG_WARN_UNREACHABLE_CODE = YES;
				CLANG_WARN__DUPLICATE_METHOD_MATCH = YES;
				"CODE_SIGN_IDENTITY[sdk=iphoneos*]" = "iPhone Developer";
				COPY_PHASE_STRIP = NO;
				DEBUG_INFORMATION_FORMAT = "dwarf-with-dsym";
				ENABLE_NS_ASSERTIONS = NO;
				ENABLE_STRICT_OBJC_MSGSEND = YES;
				GCC_C_LANGUAGE_STANDARD = gnu99;
				GCC_NO_COMMON_BLOCKS = YES;
				GCC_WARN_64_TO_32_BIT_CONVERSION = YES;
				GCC_WARN_ABOUT_RETURN_TYPE = YES_ERROR;
				GCC_WARN_UNDECLARED_SELECTOR = YES;
				GCC_WARN_UNINITIALIZED_AUTOS = YES_AGGRESSIVE;
				GCC_WARN_UNUSED_FUNCTION = YES;
				GCC_WARN_UNUSED_VARIABLE = YES;
				IPHONEOS_DEPLOYMENT_TARGET = 10.2;
				MTL_ENABLE_DEBUG_INFO = NO;
				SDKROOT = iphoneos;
				SWIFT_OPTIMIZATION_LEVEL = "-Owholemodule";
				TARGETED_DEVICE_FAMILY = "1,2";
				VALIDATE_PRODUCT = YES;
			};
			name = Release;
		};
		28ED4B741E39262A0033509F /* Debug */ = {
			isa = XCBuildConfiguration;
			buildSettings = {
				ASSETCATALOG_COMPILER_APPICON_NAME = AppIcon;
				DEVELOPMENT_TEAM = "";
				INFOPLIST_FILE = ToDoList/Info.plist;
				LD_RUNPATH_SEARCH_PATHS = "$(inherited) @executable_path/Frameworks";
				PRODUCT_BUNDLE_IDENTIFIER = com.github.bayardjunior.swiftapp.ToDoList;
				PRODUCT_NAME = "$(TARGET_NAME)";
				SWIFT_VERSION = 3.0;
			};
			name = Debug;
		};
		28ED4B751E39262A0033509F /* Release */ = {
			isa = XCBuildConfiguration;
			buildSettings = {
				ASSETCATALOG_COMPILER_APPICON_NAME = AppIcon;
				DEVELOPMENT_TEAM = "";
				INFOPLIST_FILE = ToDoList/Info.plist;
				LD_RUNPATH_SEARCH_PATHS = "$(inherited) @executable_path/Frameworks";
				PRODUCT_BUNDLE_IDENTIFIER = com.github.bayardjunior.swiftapp.ToDoList;
				PRODUCT_NAME = "$(TARGET_NAME)";
				SWIFT_VERSION = 3.0;
			};
			name = Release;
		};
/* End XCBuildConfiguration section */

/* Begin XCConfigurationList section */
		28ED4B591E39262A0033509F /* Build configuration list for PBXProject "ToDoList" */ = {
			isa = XCConfigurationList;
			buildConfigurations = (
				28ED4B711E39262A0033509F /* Debug */,
				28ED4B721E39262A0033509F /* Release */,
			);
			defaultConfigurationIsVisible = 0;
			defaultConfigurationName = Release;
		};
		28ED4B731E39262A0033509F /* Build configuration list for PBXNativeTarget "ToDoList" */ = {
			isa = XCConfigurationList;
			buildConfigurations = (
				28ED4B741E39262A0033509F /* Debug */,
				28ED4B751E39262A0033509F /* Release */,
			);
			defaultConfigurationIsVisible = 0;
			defaultConfigurationName = Release;
		};
/* End XCConfigurationList section */

/* Begin XCVersionGroup section */
		28ED4B681E39262A0033509F /* ToDoList.xcdatamodeld */ = {
			isa = XCVersionGroup;
			children = (
				28ED4B691E39262A0033509F /* ToDoList.xcdatamodel */,
			);
			currentVersion = 28ED4B691E39262A0033509F /* ToDoList.xcdatamodel */;
			path = ToDoList.xcdatamodeld;
			sourceTree = "<group>";
			versionGroupType = wrapper.xcdatamodel;
		};
/* End XCVersionGroup section */
	};
	rootObject = 28ED4B561E39262A0033509F /* Project object */;
}
